
Microsoft Visual Studio Solution File, Format Version 12.00
# Visual Studio 15
VisualStudioVersion = 15.0.26127.0
MinimumVisualStudioVersion = 10.0.40219.1
Project("{FAE04EC0-301F-11D3-BF4B-00C04F79EFBC}") = "HtmlAsp.net", "emptyASP\HtmlAsp.net.csproj", "{6FAB8315-EFBA-468E-B7F0-7FABF2A355A7}"
EndProject
Global
	GlobalSection(SolutionConfigurationPlatforms) = preSolution
		Debug|Any CPU = Debug|Any CPU
		Release|Any CPU = Release|Any CPU
	EndGlobalSection
	GlobalSection(ProjectConfigurationPlatforms) = postSolution
		{6FAB8315-EFBA-468E-B7F0-7FABF2A355A7}.Debug|Any CPU.ActiveCfg = Debug|Any CPU
		{6FAB8315-EFBA-468E-B7F0-7FABF2A355A7}.Debug|Any CPU.Build.0 = Debug|Any CPU
		{6FAB8315-EFBA-468E-B7F0-7FABF2A355A7}.Release|Any CPU.ActiveCfg = Release|Any CPU
		{6FAB8315-EFBA-468E-B7F0-7FABF2A355A7}.Release|Any CPU.Build.0 = Release|Any CPU
	EndGlobalSection
	GlobalSection(SolutionProperties) = preSolution
		HideSolutionNode = FALSE
	EndGlobalSection
EndGlobal
